
Microsoft Visual Studio Solution File, Format Version 12.00
# Visual Studio Version 17
VisualStudioVersion = 17.3.32825.248
MinimumVisualStudioVersion = 10.0.40219.1
Project("{FAE04EC0-301F-11D3-BF4B-00C04F79EFBC}") = "InterfaceFusion", "InterfaceFusion\InterfaceFusion.csproj", "{C1DEB24C-CA17-48D5-B8CA-ECD7DBBD0DAB}"
EndProject
Global
	GlobalSection(SolutionConfigurationPlatforms) = preSolution
		Debug|Any CPU = Debug|Any CPU
		Release|Any CPU = Release|Any CPU
	EndGlobalSection
	GlobalSection(ProjectConfigurationPlatforms) = postSolution
		{C1DEB24C-CA17-48D5-B8CA-ECD7DBBD0DAB}.Debug|Any CPU.ActiveCfg = Debug|Any CPU
		{C1DEB24C-CA17-48D5-B8CA-ECD7DBBD0DAB}.Debug|Any CPU.Build.0 = Debug|Any CPU
		{C1DEB24C-CA17-48D5-B8CA-ECD7DBBD0DAB}.Release|Any CPU.ActiveCfg = Release|Any CPU
		{C1DEB24C-CA17-48D5-B8CA-ECD7DBBD0DAB}.Release|Any CPU.Build.0 = Release|Any CPU
	EndGlobalSection
	GlobalSection(SolutionProperties) = preSolution
		HideSolutionNode = FALSE
	EndGlobalSection
	GlobalSection(ExtensibilityGlobals) = postSolution
		SolutionGuid = {6C13D876-3ABD-42C1-B3F4-C32B0B9D4E22}
	EndGlobalSection
EndGlobal
